
Microsoft Visual Studio Solution File, Format Version 12.00
# Visual Studio Version 17
VisualStudioVersion = 17.5.33516.290
MinimumVisualStudioVersion = 10.0.40219.1
Project("{9A19103F-16F7-4668-BE54-9A1E7A4F7556}") = "StylesDemo", "StylesDemo\StylesDemo.csproj", "{881BF876-E0A2-4746-8CD2-16652F414AA6}"
EndProject
Project("{9A19103F-16F7-4668-BE54-9A1E7A4F7556}") = "ResourcesDemo", "ResourcesDemo\ResourcesDemo.csproj", "{A52E7D06-FF04-49DB-9401-24228508491F}"
EndProject
Project("{9A19103F-16F7-4668-BE54-9A1E7A4F7556}") = "BindDemo", "BindDemo\BindDemo.csproj", "{E69B5399-B80B-40B6-AC1A-0958E768D40C}"
EndProject
Project("{9A19103F-16F7-4668-BE54-9A1E7A4F7556}") = "PropertyDemo", "PropertyDemo\PropertyDemo.csproj", "{27C6302D-8D18-4EBE-8B48-48C41DAE2C75}"
EndProject
Project("{9A19103F-16F7-4668-BE54-9A1E7A4F7556}") = "UserControlDemo", "UserControlDemo\UserControlDemo.csproj", "{0914846D-C646-45C0-A39D-37BD1DB7A8B0}"
EndProject
Project("{FAE04EC0-301F-11D3-BF4B-00C04F79EFBC}") = "TemplatedControlDemo", "TemplatedControlDemo\TemplatedControlDemo.csproj", "{5EF188E5-7C41-4000-8B91-CEC1BB6858FF}"
EndProject
Project("{FAE04EC0-301F-11D3-BF4B-00C04F79EFBC}") = "WebImageLoad", "WebImageLoad\WebImageLoad.csproj", "{B3B710D5-F1DE-4BD6-9163-729530DCED5D}"
EndProject
Project("{FAE04EC0-301F-11D3-BF4B-00C04F79EFBC}") = "StylesLibary", "StylesLibary\StylesLibary.csproj", "{C5F05808-7D07-4292-84B8-60DA47DADC80}"
EndProject
Project("{FAE04EC0-301F-11D3-BF4B-00C04F79EFBC}") = "DesignDataDemo", "DesignDataDemo\DesignDataDemo.csproj", "{19427446-B1A2-4A39-B9F4-020CC431DE6F}"
EndProject
Project("{FAE04EC0-301F-11D3-BF4B-00C04F79EFBC}") = "ScrollViewerDemo", "ScrollViewerDemo\ScrollViewerDemo.csproj", "{71219BD4-02F0-4D81-95C0-813EBF41AF1E}"
EndProject
Project("{FAE04EC0-301F-11D3-BF4B-00C04F79EFBC}") = "ScrollDemo", "ScrollDemo\ScrollDemo.csproj", "{27686F34-9C46-441C-8772-30C650F32C80}"
EndProject
Project("{FAE04EC0-301F-11D3-BF4B-00C04F79EFBC}") = "线程异常捕捉", "线程异常捕捉\线程异常捕捉.csproj", "{017C4E0E-6FFF-4060-A2F7-3AE96634D45A}"
EndProject
Project("{FAE04EC0-301F-11D3-BF4B-00C04F79EFBC}") = "ImageConver", "ImageConver\ImageConver.csproj", "{1508AD42-80D0-4162-A653-A3EA903C4DAE}"
EndProject
Project("{FAE04EC0-301F-11D3-BF4B-00C04F79EFBC}") = "CacheDemo", "CacheDemo\CacheDemo.csproj", "{460DAC5E-57C0-4CC1-AF9A-45C3EC9A2BE5}"
EndProject
Project("{FAE04EC0-301F-11D3-BF4B-00C04F79EFBC}") = "LoggerDemo", "LoggerDemo\LoggerDemo.csproj", "{A188666A-5F31-4032-BEDA-6BDB4B89F2C8}"
EndProject
Project("{FAE04EC0-301F-11D3-BF4B-00C04F79EFBC}") = "BehaviorsDemo", "BehaviorsDemo\BehaviorsDemo.csproj", "{1A3D5DD5-1313-42D7-9017-5932790A4104}"
EndProject
Project("{FAE04EC0-301F-11D3-BF4B-00C04F79EFBC}") = "ExtendClientDemo", "ExtendClientDemo\ExtendClientDemo.csproj", "{2EE81979-0DC0-4B68-8703-7945BDE675E1}"
EndProject
Project("{FAE04EC0-301F-11D3-BF4B-00C04F79EFBC}") = "HtmlRenderDemo", "HtmlRenderDemo\HtmlRenderDemo.csproj", "{52236F9E-4EAE-4CAD-878B-73CD661E4650}"
EndProject
Project("{FAE04EC0-301F-11D3-BF4B-00C04F79EFBC}") = "IocDemo", "IocDemo\IocDemo.csproj", "{71E3C001-D4B7-4529-B7E7-A0EEB1EB061F}"
EndProject
Project("{FAE04EC0-301F-11D3-BF4B-00C04F79EFBC}") = "UserControlDemo1", "UserControlDemo1\UserControlDemo1.csproj", "{1D466E52-A428-49AC-9A11-984883FB3427}"
EndProject
Project("{FAE04EC0-301F-11D3-BF4B-00C04F79EFBC}") = "CalendarDemo", "CalendarDemo\CalendarDemo.csproj", "{C89B4A7E-E360-4A21-B9A3-2350F68F48C9}"
EndProject
Project("{FAE04EC0-301F-11D3-BF4B-00C04F79EFBC}") = "MiniCalendarDemo", "MiniCalendarDemo\MiniCalendarDemo.csproj", "{9ECD7195-7DB2-4723-8FCD-DF1CDD743CCC}"
EndProject
Project("{FAE04EC0-301F-11D3-BF4B-00C04F79EFBC}") = "TransitionsDemo", "TransitionsDemo\TransitionsDemo.csproj", "{0FB03EC3-D4AC-4368-A8B5-7A2F84D0C812}"
EndProject
Project("{FAE04EC0-301F-11D3-BF4B-00C04F79EFBC}") = "NativeControlHostDemo", "NativeControlHostDemo\NativeControlHostDemo.csproj", "{8BEFA22A-EF43-49B5-A4C6-57C4D0DE1570}"
EndProject
Project("{FAE04EC0-301F-11D3-BF4B-00C04F79EFBC}") = "ItemSourceBugDemo", "ItemSourceBugDemo\ItemSourceBugDemo.csproj", "{90FE3476-881B-47B6-A2AB-966CD9307AE4}"
EndProject
Project("{FAE04EC0-301F-11D3-BF4B-00C04F79EFBC}") = "ProgressBarDemo", "ProgressBarDemo\ProgressBarDemo.csproj", "{0D60B045-7181-4445-8250-AC3B2CF194BF}"
EndProject
Project("{FAE04EC0-301F-11D3-BF4B-00C04F79EFBC}") = "ToolTipDemo", "ToolTipDemo\ToolTipDemo.csproj", "{9340B0FC-02EE-4C56-8794-94485B23451F}"
EndProject
Project("{FAE04EC0-301F-11D3-BF4B-00C04F79EFBC}") = "D3DDemo", "D3DDemo\D3DDemo.csproj", "{F7F57D98-E71C-442F-9CA3-607A98F583EE}"
EndProject
Project("{FAE04EC0-301F-11D3-BF4B-00C04F79EFBC}") = "BenchmarkDemo", "BenchmarkDemo\BenchmarkDemo.csproj", "{6C49AAA1-1B36-45B0-A9DC-D14E5E711C4F}"
EndProject
Project("{FAE04EC0-301F-11D3-BF4B-00C04F79EFBC}") = "AotDemo", "AotDemo\AotDemo.csproj", "{9C68FBBA-19CC-4A35-B257-883E84808A9D}"
EndProject
Global
	GlobalSection(SolutionConfigurationPlatforms) = preSolution
		Debug|Any CPU = Debug|Any CPU
		Release|Any CPU = Release|Any CPU
	EndGlobalSection
	GlobalSection(ProjectConfigurationPlatforms) = postSolution
		{881BF876-E0A2-4746-8CD2-16652F414AA6}.Debug|Any CPU.ActiveCfg = Debug|Any CPU
		{881BF876-E0A2-4746-8CD2-16652F414AA6}.Debug|Any CPU.Build.0 = Debug|Any CPU
		{881BF876-E0A2-4746-8CD2-16652F414AA6}.Release|Any CPU.ActiveCfg = Release|Any CPU
		{881BF876-E0A2-4746-8CD2-16652F414AA6}.Release|Any CPU.Build.0 = Release|Any CPU
		{A52E7D06-FF04-49DB-9401-24228508491F}.Debug|Any CPU.ActiveCfg = Debug|Any CPU
		{A52E7D06-FF04-49DB-9401-24228508491F}.Debug|Any CPU.Build.0 = Debug|Any CPU
		{A52E7D06-FF04-49DB-9401-24228508491F}.Release|Any CPU.ActiveCfg = Release|Any CPU
		{A52E7D06-FF04-49DB-9401-24228508491F}.Release|Any CPU.Build.0 = Release|Any CPU
		{E69B5399-B80B-40B6-AC1A-0958E768D40C}.Debug|Any CPU.ActiveCfg = Debug|Any CPU
		{E69B5399-B80B-40B6-AC1A-0958E768D40C}.Debug|Any CPU.Build.0 = Debug|Any CPU
		{E69B5399-B80B-40B6-AC1A-0958E768D40C}.Release|Any CPU.ActiveCfg = Release|Any CPU
		{E69B5399-B80B-40B6-AC1A-0958E768D40C}.Release|Any CPU.Build.0 = Release|Any CPU
		{27C6302D-8D18-4EBE-8B48-48C41DAE2C75}.Debug|Any CPU.ActiveCfg = Debug|Any CPU
		{27C6302D-8D18-4EBE-8B48-48C41DAE2C75}.Debug|Any CPU.Build.0 = Debug|Any CPU
		{27C6302D-8D18-4EBE-8B48-48C41DAE2C75}.Release|Any CPU.ActiveCfg = Release|Any CPU
		{27C6302D-8D18-4EBE-8B48-48C41DAE2C75}.Release|Any CPU.Build.0 = Release|Any CPU
		{0914846D-C646-45C0-A39D-37BD1DB7A8B0}.Debug|Any CPU.ActiveCfg = Debug|Any CPU
		{0914846D-C646-45C0-A39D-37BD1DB7A8B0}.Debug|Any CPU.Build.0 = Debug|Any CPU
		{0914846D-C646-45C0-A39D-37BD1DB7A8B0}.Release|Any CPU.ActiveCfg = Release|Any CPU
		{0914846D-C646-45C0-A39D-37BD1DB7A8B0}.Release|Any CPU.Build.0 = Release|Any CPU
		{5EF188E5-7C41-4000-8B91-CEC1BB6858FF}.Debug|Any CPU.ActiveCfg = Debug|Any CPU
		{5EF188E5-7C41-4000-8B91-CEC1BB6858FF}.Debug|Any CPU.Build.0 = Debug|Any CPU
		{5EF188E5-7C41-4000-8B91-CEC1BB6858FF}.Release|Any CPU.ActiveCfg = Release|Any CPU
		{5EF188E5-7C41-4000-8B91-CEC1BB6858FF}.Release|Any CPU.Build.0 = Release|Any CPU
		{B3B710D5-F1DE-4BD6-9163-729530DCED5D}.Debug|Any CPU.ActiveCfg = Debug|Any CPU
		{B3B710D5-F1DE-4BD6-9163-729530DCED5D}.Debug|Any CPU.Build.0 = Debug|Any CPU
		{B3B710D5-F1DE-4BD6-9163-729530DCED5D}.Release|Any CPU.ActiveCfg = Release|Any CPU
		{B3B710D5-F1DE-4BD6-9163-729530DCED5D}.Release|Any CPU.Build.0 = Release|Any CPU
		{C5F05808-7D07-4292-84B8-60DA47DADC80}.Debug|Any CPU.ActiveCfg = Debug|Any CPU
		{C5F05808-7D07-4292-84B8-60DA47DADC80}.Debug|Any CPU.Build.0 = Debug|Any CPU
		{C5F05808-7D07-4292-84B8-60DA47DADC80}.Release|Any CPU.ActiveCfg = Release|Any CPU
		{C5F05808-7D07-4292-84B8-60DA47DADC80}.Release|Any CPU.Build.0 = Release|Any CPU
		{19427446-B1A2-4A39-B9F4-020CC431DE6F}.Debug|Any CPU.ActiveCfg = Debug|Any CPU
		{19427446-B1A2-4A39-B9F4-020CC431DE6F}.Debug|Any CPU.Build.0 = Debug|Any CPU
		{19427446-B1A2-4A39-B9F4-020CC431DE6F}.Release|Any CPU.ActiveCfg = Release|Any CPU
		{19427446-B1A2-4A39-B9F4-020CC431DE6F}.Release|Any CPU.Build.0 = Release|Any CPU
		{71219BD4-02F0-4D81-95C0-813EBF41AF1E}.Debug|Any CPU.ActiveCfg = Debug|Any CPU
		{71219BD4-02F0-4D81-95C0-813EBF41AF1E}.Debug|Any CPU.Build.0 = Debug|Any CPU
		{71219BD4-02F0-4D81-95C0-813EBF41AF1E}.Release|Any CPU.ActiveCfg = Release|Any CPU
		{71219BD4-02F0-4D81-95C0-813EBF41AF1E}.Release|Any CPU.Build.0 = Release|Any CPU
		{27686F34-9C46-441C-8772-30C650F32C80}.Debug|Any CPU.ActiveCfg = Debug|Any CPU
		{27686F34-9C46-441C-8772-30C650F32C80}.Debug|Any CPU.Build.0 = Debug|Any CPU
		{27686F34-9C46-441C-8772-30C650F32C80}.Release|Any CPU.ActiveCfg = Release|Any CPU
		{27686F34-9C46-441C-8772-30C650F32C80}.Release|Any CPU.Build.0 = Release|Any CPU
		{017C4E0E-6FFF-4060-A2F7-3AE96634D45A}.Debug|Any CPU.ActiveCfg = Debug|Any CPU
		{017C4E0E-6FFF-4060-A2F7-3AE96634D45A}.Debug|Any CPU.Build.0 = Debug|Any CPU
		{017C4E0E-6FFF-4060-A2F7-3AE96634D45A}.Release|Any CPU.ActiveCfg = Release|Any CPU
		{017C4E0E-6FFF-4060-A2F7-3AE96634D45A}.Release|Any CPU.Build.0 = Release|Any CPU
		{1508AD42-80D0-4162-A653-A3EA903C4DAE}.Debug|Any CPU.ActiveCfg = Debug|Any CPU
		{1508AD42-80D0-4162-A653-A3EA903C4DAE}.Debug|Any CPU.Build.0 = Debug|Any CPU
		{1508AD42-80D0-4162-A653-A3EA903C4DAE}.Release|Any CPU.ActiveCfg = Release|Any CPU
		{1508AD42-80D0-4162-A653-A3EA903C4DAE}.Release|Any CPU.Build.0 = Release|Any CPU
		{460DAC5E-57C0-4CC1-AF9A-45C3EC9A2BE5}.Debug|Any CPU.ActiveCfg = Debug|Any CPU
		{460DAC5E-57C0-4CC1-AF9A-45C3EC9A2BE5}.Debug|Any CPU.Build.0 = Debug|Any CPU
		{460DAC5E-57C0-4CC1-AF9A-45C3EC9A2BE5}.Release|Any CPU.ActiveCfg = Release|Any CPU
		{460DAC5E-57C0-4CC1-AF9A-45C3EC9A2BE5}.Release|Any CPU.Build.0 = Release|Any CPU
		{A188666A-5F31-4032-BEDA-6BDB4B89F2C8}.Debug|Any CPU.ActiveCfg = Debug|Any CPU
		{A188666A-5F31-4032-BEDA-6BDB4B89F2C8}.Debug|Any CPU.Build.0 = Debug|Any CPU
		{A188666A-5F31-4032-BEDA-6BDB4B89F2C8}.Release|Any CPU.ActiveCfg = Release|Any CPU
		{A188666A-5F31-4032-BEDA-6BDB4B89F2C8}.Release|Any CPU.Build.0 = Release|Any CPU
		{1A3D5DD5-1313-42D7-9017-5932790A4104}.Debug|Any CPU.ActiveCfg = Debug|Any CPU
		{1A3D5DD5-1313-42D7-9017-5932790A4104}.Debug|Any CPU.Build.0 = Debug|Any CPU
		{1A3D5DD5-1313-42D7-9017-5932790A4104}.Release|Any CPU.ActiveCfg = Release|Any CPU
		{1A3D5DD5-1313-42D7-9017-5932790A4104}.Release|Any CPU.Build.0 = Release|Any CPU
		{2EE81979-0DC0-4B68-8703-7945BDE675E1}.Debug|Any CPU.ActiveCfg = Debug|Any CPU
		{2EE81979-0DC0-4B68-8703-7945BDE675E1}.Debug|Any CPU.Build.0 = Debug|Any CPU
		{2EE81979-0DC0-4B68-8703-7945BDE675E1}.Release|Any CPU.ActiveCfg = Release|Any CPU
		{2EE81979-0DC0-4B68-8703-7945BDE675E1}.Release|Any CPU.Build.0 = Release|Any CPU
		{52236F9E-4EAE-4CAD-878B-73CD661E4650}.Debug|Any CPU.ActiveCfg = Debug|Any CPU
		{52236F9E-4EAE-4CAD-878B-73CD661E4650}.Debug|Any CPU.Build.0 = Debug|Any CPU
		{52236F9E-4EAE-4CAD-878B-73CD661E4650}.Release|Any CPU.ActiveCfg = Release|Any CPU
		{52236F9E-4EAE-4CAD-878B-73CD661E4650}.Release|Any CPU.Build.0 = Release|Any CPU
		{71E3C001-D4B7-4529-B7E7-A0EEB1EB061F}.Debug|Any CPU.ActiveCfg = Debug|Any CPU
		{71E3C001-D4B7-4529-B7E7-A0EEB1EB061F}.Debug|Any CPU.Build.0 = Debug|Any CPU
		{71E3C001-D4B7-4529-B7E7-A0EEB1EB061F}.Release|Any CPU.ActiveCfg = Release|Any CPU
		{71E3C001-D4B7-4529-B7E7-A0EEB1EB061F}.Release|Any CPU.Build.0 = Release|Any CPU
		{1D466E52-A428-49AC-9A11-984883FB3427}.Debug|Any CPU.ActiveCfg = Debug|Any CPU
		{1D466E52-A428-49AC-9A11-984883FB3427}.Debug|Any CPU.Build.0 = Debug|Any CPU
		{1D466E52-A428-49AC-9A11-984883FB3427}.Release|Any CPU.ActiveCfg = Release|Any CPU
		{1D466E52-A428-49AC-9A11-984883FB3427}.Release|Any CPU.Build.0 = Release|Any CPU
		{C89B4A7E-E360-4A21-B9A3-2350F68F48C9}.Debug|Any CPU.ActiveCfg = Debug|Any CPU
		{C89B4A7E-E360-4A21-B9A3-2350F68F48C9}.Debug|Any CPU.Build.0 = Debug|Any CPU
		{C89B4A7E-E360-4A21-B9A3-2350F68F48C9}.Release|Any CPU.ActiveCfg = Release|Any CPU
		{C89B4A7E-E360-4A21-B9A3-2350F68F48C9}.Release|Any CPU.Build.0 = Release|Any CPU
		{9ECD7195-7DB2-4723-8FCD-DF1CDD743CCC}.Debug|Any CPU.ActiveCfg = Debug|Any CPU
		{9ECD7195-7DB2-4723-8FCD-DF1CDD743CCC}.Debug|Any CPU.Build.0 = Debug|Any CPU
		{9ECD7195-7DB2-4723-8FCD-DF1CDD743CCC}.Release|Any CPU.ActiveCfg = Release|Any CPU
		{9ECD7195-7DB2-4723-8FCD-DF1CDD743CCC}.Release|Any CPU.Build.0 = Release|Any CPU
		{0FB03EC3-D4AC-4368-A8B5-7A2F84D0C812}.Debug|Any CPU.ActiveCfg = Debug|Any CPU
		{0FB03EC3-D4AC-4368-A8B5-7A2F84D0C812}.Debug|Any CPU.Build.0 = Debug|Any CPU
		{0FB03EC3-D4AC-4368-A8B5-7A2F84D0C812}.Release|Any CPU.ActiveCfg = Release|Any CPU
		{0FB03EC3-D4AC-4368-A8B5-7A2F84D0C812}.Release|Any CPU.Build.0 = Release|Any CPU
		{8BEFA22A-EF43-49B5-A4C6-57C4D0DE1570}.Debug|Any CPU.ActiveCfg = Debug|Any CPU
		{8BEFA22A-EF43-49B5-A4C6-57C4D0DE1570}.Debug|Any CPU.Build.0 = Debug|Any CPU
		{8BEFA22A-EF43-49B5-A4C6-57C4D0DE1570}.Release|Any CPU.ActiveCfg = Release|Any CPU
		{8BEFA22A-EF43-49B5-A4C6-57C4D0DE1570}.Release|Any CPU.Build.0 = Release|Any CPU
		{90FE3476-881B-47B6-A2AB-966CD9307AE4}.Debug|Any CPU.ActiveCfg = Debug|Any CPU
		{90FE3476-881B-47B6-A2AB-966CD9307AE4}.Debug|Any CPU.Build.0 = Debug|Any CPU
		{90FE3476-881B-47B6-A2AB-966CD9307AE4}.Release|Any CPU.ActiveCfg = Release|Any CPU
		{90FE3476-881B-47B6-A2AB-966CD9307AE4}.Release|Any CPU.Build.0 = Release|Any CPU
		{0D60B045-7181-4445-8250-AC3B2CF194BF}.Debug|Any CPU.ActiveCfg = Debug|Any CPU
		{0D60B045-7181-4445-8250-AC3B2CF194BF}.Debug|Any CPU.Build.0 = Debug|Any CPU
		{0D60B045-7181-4445-8250-AC3B2CF194BF}.Release|Any CPU.ActiveCfg = Release|Any CPU
		{0D60B045-7181-4445-8250-AC3B2CF194BF}.Release|Any CPU.Build.0 = Release|Any CPU
		{9340B0FC-02EE-4C56-8794-94485B23451F}.Debug|Any CPU.ActiveCfg = Debug|Any CPU
		{9340B0FC-02EE-4C56-8794-94485B23451F}.Debug|Any CPU.Build.0 = Debug|Any CPU
		{9340B0FC-02EE-4C56-8794-94485B23451F}.Release|Any CPU.ActiveCfg = Release|Any CPU
		{9340B0FC-02EE-4C56-8794-94485B23451F}.Release|Any CPU.Build.0 = Release|Any CPU
		{F7F57D98-E71C-442F-9CA3-607A98F583EE}.Debug|Any CPU.ActiveCfg = Debug|Any CPU
		{F7F57D98-E71C-442F-9CA3-607A98F583EE}.Debug|Any CPU.Build.0 = Debug|Any CPU
		{F7F57D98-E71C-442F-9CA3-607A98F583EE}.Release|Any CPU.ActiveCfg = Release|Any CPU
		{F7F57D98-E71C-442F-9CA3-607A98F583EE}.Release|Any CPU.Build.0 = Release|Any CPU
		{6C49AAA1-1B36-45B0-A9DC-D14E5E711C4F}.Debug|Any CPU.ActiveCfg = Debug|Any CPU
		{6C49AAA1-1B36-45B0-A9DC-D14E5E711C4F}.Debug|Any CPU.Build.0 = Debug|Any CPU
		{6C49AAA1-1B36-45B0-A9DC-D14E5E711C4F}.Release|Any CPU.ActiveCfg = Release|Any CPU
		{6C49AAA1-1B36-45B0-A9DC-D14E5E711C4F}.Release|Any CPU.Build.0 = Release|Any CPU
		{9C68FBBA-19CC-4A35-B257-883E84808A9D}.Debug|Any CPU.ActiveCfg = Debug|Any CPU
		{9C68FBBA-19CC-4A35-B257-883E84808A9D}.Debug|Any CPU.Build.0 = Debug|Any CPU
		{9C68FBBA-19CC-4A35-B257-883E84808A9D}.Release|Any CPU.ActiveCfg = Release|Any CPU
		{9C68FBBA-19CC-4A35-B257-883E84808A9D}.Release|Any CPU.Build.0 = Release|Any CPU
	EndGlobalSection
	GlobalSection(SolutionProperties) = preSolution
		HideSolutionNode = FALSE
	EndGlobalSection
	GlobalSection(ExtensibilityGlobals) = postSolution
		SolutionGuid = {20BAF991-AD80-4AD5-A74D-8E1E943EAC63}
	EndGlobalSection
EndGlobal
