
Microsoft Visual Studio Solution File, Format Version 12.00
# Visual Studio Version 17
VisualStudioVersion = 17.5.33516.290
MinimumVisualStudioVersion = 10.0.40219.1
Project("{9A19103F-16F7-4668-BE54-9A1E7A4F7556}") = "StylesDemo", "StylesDemo\StylesDemo.csproj", "{881BF876-E0A2-4746-8CD2-16652F414AA6}"
EndProject
Project("{9A19103F-16F7-4668-BE54-9A1E7A4F7556}") = "ResourcesDemo", "ResourcesDemo\ResourcesDemo.csproj", "{A52E7D06-FF04-49DB-9401-24228508491F}"
EndProject
Project("{9A19103F-16F7-4668-BE54-9A1E7A4F7556}") = "BindDemo", "BindDemo\BindDemo.csproj", "{E69B5399-B80B-40B6-AC1A-0958E768D40C}"
EndProject
Project("{9A19103F-16F7-4668-BE54-9A1E7A4F7556}") = "PropertyDemo", "PropertyDemo\PropertyDemo.csproj", "{27C6302D-8D18-4EBE-8B48-48C41DAE2C75}"
EndProject
Project("{9A19103F-16F7-4668-BE54-9A1E7A4F7556}") = "UserControlDemo", "UserControlDemo\UserControlDemo.csproj", "{0914846D-C646-45C0-A39D-37BD1DB7A8B0}"
EndProject
Project("{FAE04EC0-301F-11D3-BF4B-00C04F79EFBC}") = "TemplatedControlDemo", "TemplatedControlDemo\TemplatedControlDemo.csproj", "{5EF188E5-7C41-4000-8B91-CEC1BB6858FF}"
EndProject
Global
	GlobalSection(SolutionConfigurationPlatforms) = preSolution
		Debug|Any CPU = Debug|Any CPU
		Release|Any CPU = Release|Any CPU
	EndGlobalSection
	GlobalSection(ProjectConfigurationPlatforms) = postSolution
		{881BF876-E0A2-4746-8CD2-16652F414AA6}.Debug|Any CPU.ActiveCfg = Debug|Any CPU
		{881BF876-E0A2-4746-8CD2-16652F414AA6}.Debug|Any CPU.Build.0 = Debug|Any CPU
		{881BF876-E0A2-4746-8CD2-16652F414AA6}.Release|Any CPU.ActiveCfg = Release|Any CPU
		{881BF876-E0A2-4746-8CD2-16652F414AA6}.Release|Any CPU.Build.0 = Release|Any CPU
		{A52E7D06-FF04-49DB-9401-24228508491F}.Debug|Any CPU.ActiveCfg = Debug|Any CPU
		{A52E7D06-FF04-49DB-9401-24228508491F}.Debug|Any CPU.Build.0 = Debug|Any CPU
		{A52E7D06-FF04-49DB-9401-24228508491F}.Release|Any CPU.ActiveCfg = Release|Any CPU
		{A52E7D06-FF04-49DB-9401-24228508491F}.Release|Any CPU.Build.0 = Release|Any CPU
		{E69B5399-B80B-40B6-AC1A-0958E768D40C}.Debug|Any CPU.ActiveCfg = Debug|Any CPU
		{E69B5399-B80B-40B6-AC1A-0958E768D40C}.Debug|Any CPU.Build.0 = Debug|Any CPU
		{E69B5399-B80B-40B6-AC1A-0958E768D40C}.Release|Any CPU.ActiveCfg = Release|Any CPU
		{E69B5399-B80B-40B6-AC1A-0958E768D40C}.Release|Any CPU.Build.0 = Release|Any CPU
		{27C6302D-8D18-4EBE-8B48-48C41DAE2C75}.Debug|Any CPU.ActiveCfg = Debug|Any CPU
		{27C6302D-8D18-4EBE-8B48-48C41DAE2C75}.Debug|Any CPU.Build.0 = Debug|Any CPU
		{27C6302D-8D18-4EBE-8B48-48C41DAE2C75}.Release|Any CPU.ActiveCfg = Release|Any CPU
		{27C6302D-8D18-4EBE-8B48-48C41DAE2C75}.Release|Any CPU.Build.0 = Release|Any CPU
		{0914846D-C646-45C0-A39D-37BD1DB7A8B0}.Debug|Any CPU.ActiveCfg = Debug|Any CPU
		{0914846D-C646-45C0-A39D-37BD1DB7A8B0}.Debug|Any CPU.Build.0 = Debug|Any CPU
		{0914846D-C646-45C0-A39D-37BD1DB7A8B0}.Release|Any CPU.ActiveCfg = Release|Any CPU
		{0914846D-C646-45C0-A39D-37BD1DB7A8B0}.Release|Any CPU.Build.0 = Release|Any CPU
		{5EF188E5-7C41-4000-8B91-CEC1BB6858FF}.Debug|Any CPU.ActiveCfg = Debug|Any CPU
		{5EF188E5-7C41-4000-8B91-CEC1BB6858FF}.Debug|Any CPU.Build.0 = Debug|Any CPU
		{5EF188E5-7C41-4000-8B91-CEC1BB6858FF}.Release|Any CPU.ActiveCfg = Release|Any CPU
		{5EF188E5-7C41-4000-8B91-CEC1BB6858FF}.Release|Any CPU.Build.0 = Release|Any CPU
	EndGlobalSection
	GlobalSection(SolutionProperties) = preSolution
		HideSolutionNode = FALSE
	EndGlobalSection
	GlobalSection(ExtensibilityGlobals) = postSolution
		SolutionGuid = {20BAF991-AD80-4AD5-A74D-8E1E943EAC63}
	EndGlobalSection
EndGlobal
